
Microsoft Visual Studio Solution File, Format Version 12.00
# Visual Studio Version 16
VisualStudioVersion = 16.0.29728.190
MinimumVisualStudioVersion = 10.0.40219.1
Project("{FAE04EC0-301F-11D3-BF4B-00C04F79EFBC}") = "Lab2", "Lab2\Lab2.csproj", "{A5CB31EC-B708-4C2E-9ECD-A85CB4423B6F}"
EndProject
Global
	GlobalSection(SolutionConfigurationPlatforms) = preSolution
		Debug|Any CPU = Debug|Any CPU
		Release|Any CPU = Release|Any CPU
	EndGlobalSection
	GlobalSection(ProjectConfigurationPlatforms) = postSolution
		{A5CB31EC-B708-4C2E-9ECD-A85CB4423B6F}.Debug|Any CPU.ActiveCfg = Debug|Any CPU
		{A5CB31EC-B708-4C2E-9ECD-A85CB4423B6F}.Debug|Any CPU.Build.0 = Debug|Any CPU
		{A5CB31EC-B708-4C2E-9ECD-A85CB4423B6F}.Release|Any CPU.ActiveCfg = Release|Any CPU
		{A5CB31EC-B708-4C2E-9ECD-A85CB4423B6F}.Release|Any CPU.Build.0 = Release|Any CPU
	EndGlobalSection
	GlobalSection(SolutionProperties) = preSolution
		HideSolutionNode = FALSE
	EndGlobalSection
	GlobalSection(ExtensibilityGlobals) = postSolution
		SolutionGuid = {57DC6C6E-79AF-4A18-98F5-4CD5F1A0D945}
	EndGlobalSection
EndGlobal
